
Microsoft Visual Studio Solution File, Format Version 12.00
# Visual Studio 15
VisualStudioVersion = 15.0.26228.4
MinimumVisualStudioVersion = 10.0.40219.1
Project("{FAE04EC0-301F-11D3-BF4B-00C04F79EFBC}") = "ValidaArquivoSiteMVC", "ValidaArquivoSiteMVC\ValidaArquivoSiteMVC.csproj", "{B70DBB3D-59D5-42E2-9B47-FDB8E52B2C57}"
EndProject
Project("{FAE04EC0-301F-11D3-BF4B-00C04F79EFBC}") = "ClassLibraryValidaArquivoNovo", "ClassLibraryValidaArquivoNovo\ClassLibraryValidaArquivoNovo.csproj", "{654977D1-AAEC-441F-841E-CCC3FC6B02A7}"
EndProject
Project("{FAE04EC0-301F-11D3-BF4B-00C04F79EFBC}") = "Repositorio", "Repositorio\Repositorio.csproj", "{7CC2A6E4-85BB-4F33-B264-8B0A9C2FFB95}"
EndProject
Global
	GlobalSection(SolutionConfigurationPlatforms) = preSolution
		Debug|Any CPU = Debug|Any CPU
		Release|Any CPU = Release|Any CPU
	EndGlobalSection
	GlobalSection(ProjectConfigurationPlatforms) = postSolution
		{B70DBB3D-59D5-42E2-9B47-FDB8E52B2C57}.Debug|Any CPU.ActiveCfg = Debug|Any CPU
		{B70DBB3D-59D5-42E2-9B47-FDB8E52B2C57}.Debug|Any CPU.Build.0 = Debug|Any CPU
		{B70DBB3D-59D5-42E2-9B47-FDB8E52B2C57}.Release|Any CPU.ActiveCfg = Release|Any CPU
		{B70DBB3D-59D5-42E2-9B47-FDB8E52B2C57}.Release|Any CPU.Build.0 = Release|Any CPU
		{654977D1-AAEC-441F-841E-CCC3FC6B02A7}.Debug|Any CPU.ActiveCfg = Debug|Any CPU
		{654977D1-AAEC-441F-841E-CCC3FC6B02A7}.Debug|Any CPU.Build.0 = Debug|Any CPU
		{654977D1-AAEC-441F-841E-CCC3FC6B02A7}.Release|Any CPU.ActiveCfg = Release|Any CPU
		{654977D1-AAEC-441F-841E-CCC3FC6B02A7}.Release|Any CPU.Build.0 = Release|Any CPU
		{7CC2A6E4-85BB-4F33-B264-8B0A9C2FFB95}.Debug|Any CPU.ActiveCfg = Debug|Any CPU
		{7CC2A6E4-85BB-4F33-B264-8B0A9C2FFB95}.Debug|Any CPU.Build.0 = Debug|Any CPU
		{7CC2A6E4-85BB-4F33-B264-8B0A9C2FFB95}.Release|Any CPU.ActiveCfg = Release|Any CPU
		{7CC2A6E4-85BB-4F33-B264-8B0A9C2FFB95}.Release|Any CPU.Build.0 = Release|Any CPU
	EndGlobalSection
	GlobalSection(SolutionProperties) = preSolution
		HideSolutionNode = FALSE
	EndGlobalSection
EndGlobal
